// !$*UTF8*$!
{
	archiveVersion = 1;
	classes = {
	};
	objectVersion = 77;
	objects = {

/* Begin PBXBuildFile section */
		017C93553B1579ADC57C9C89 /* KeymapCompanionApp.swift in Sources */ = {isa = PBXBuildFile; fileRef = 3EA268F53DF4B11685E8FDA6 /* KeymapCompanionApp.swift */; };
		0C07DE527CA55670C7CF49DA /* MatrixPosition.swift in Sources */ = {isa = PBXBuildFile; fileRef = 5C9D02E1FA834839E68F4D21 /* MatrixPosition.swift */; };
		1AEE007C573628DA987A923E /* PositionedKey.swift in Sources */ = {isa = PBXBuildFile; fileRef = BE13A2191E27B1FAD2169D94 /* PositionedKey.swift */; };
		25245A7456597E1D8BB03127 /* KeymapProtocol.swift in Sources */ = {isa = PBXBuildFile; fileRef = 3689B2F011CD51FC0E3812C1 /* KeymapProtocol.swift */; };
		290CEA2DDCB4EE2CE005251A /* KeyboardGeometryCatalog.swift in Sources */ = {isa = PBXBuildFile; fileRef = 01AE3FA80F7457B7186BEC2C /* KeyboardGeometryCatalog.swift */; };
		2965062F030C6F234C20C1C1 /* KeymapResolutionTests.swift in Sources */ = {isa = PBXBuildFile; fileRef = E0CABF5B9049D823CE6F07EE /* KeymapResolutionTests.swift */; };
		30D05FEABA0F68EBB3993F0C /* ContentView.swift in Sources */ = {isa = PBXBuildFile; fileRef = 5BC3DC22731B86F9C60EB81B /* ContentView.swift */; };
		447DD1132A2D76D09D4D770D /* MenuBarKeyboardIcon.swift in Sources */ = {isa = PBXBuildFile; fileRef = 7EFF93D9F5FE314CD455DA4F /* MenuBarKeyboardIcon.swift */; };
		4EE999A7483BE6360452FD97 /* Localizable.xcstrings in Resources */ = {isa = PBXBuildFile; fileRef = A7A3C488E002048FE5CC4D6F /* Localizable.xcstrings */; };
		5143ADBF5C617D030B1CEAD9 /* KeyLegend.swift in Sources */ = {isa = PBXBuildFile; fileRef = 843BE78C3EF4D03FA9E8E56C /* KeyLegend.swift */; };
		58938B5A10AF65BF45ADC644 /* KeymapKey.swift in Sources */ = {isa = PBXBuildFile; fileRef = 454C212125BFA8101CD194A7 /* KeymapKey.swift */; };
		598AEF9F8F6E54618C05745C /* KeymapChunkReport.swift in Sources */ = {isa = PBXBuildFile; fileRef = EF0AD231927ECA46483E71D5 /* KeymapChunkReport.swift */; };
		5A2827B5EC1779B975D4FCB7 /* AppModel.swift in Sources */ = {isa = PBXBuildFile; fileRef = BCA0F9996E9EC9F36E8F62A4 /* AppModel.swift */; };
		5B98481C5B0F9EE671BCF4A5 /* IOKit.framework in Frameworks */ = {isa = PBXBuildFile; fileRef = 5C2B78C8E45E5F551FAEC3C3 /* IOKit.framework */; };
		642F91FD50C785027F37EFAF /* KeyboardGeometry.swift in Sources */ = {isa = PBXBuildFile; fileRef = 68A71C66E1A8E21AECB6FD32 /* KeyboardGeometry.swift */; };
		682D48C51F8ECC1B8092299C /* RGBEffect.swift in Sources */ = {isa = PBXBuildFile; fileRef = 59D13D209D3D8757B9961057 /* RGBEffect.swift */; };
		684A404F7CD514FD9B7C5009 /* KeyboardHIDMonitor.swift in Sources */ = {isa = PBXBuildFile; fileRef = 44B56321EDD42DA585D56D2B /* KeyboardHIDMonitor.swift */; };
		6B5853CAFDC1C1F553332DFC /* ConnectionStatus.swift in Sources */ = {isa = PBXBuildFile; fileRef = C5310C44ED6927D9D733726C /* ConnectionStatus.swift */; };
		74DF517B849F82E99D96E186 /* PhysicalKeyPlacement.swift in Sources */ = {isa = PBXBuildFile; fileRef = 68442F7799E715820606A2E9 /* PhysicalKeyPlacement.swift */; };
		7A9598E5FF030C8587EC7FB0 /* KeyboardStateReport.swift in Sources */ = {isa = PBXBuildFile; fileRef = C2859B233D8BBAC29555753D /* KeyboardStateReport.swift */; };
		7D9B3B6B276E07ABCA2BC2E8 /* RGBSettingsPopoverButton.swift in Sources */ = {isa = PBXBuildFile; fileRef = 670902A1AF4074C283DFE454 /* RGBSettingsPopoverButton.swift */; };
		830AFE3A4B7C4C3DE49C3992 /* QMKKeycodeLegend.swift in Sources */ = {isa = PBXBuildFile; fileRef = 8E63FDC0FCED9B3B52B3C394 /* QMKKeycodeLegend.swift */; };
		8EECFC85F71EC0F6EC8FF2C0 /* KeyboardBoardView.swift in Sources */ = {isa = PBXBuildFile; fileRef = 73D760FEFF36161898E22C76 /* KeyboardBoardView.swift */; };
		8F7D4AF505C96007AA116A34 /* RGBSettings.swift in Sources */ = {isa = PBXBuildFile; fileRef = 5FAE75ECB9C65ED17F8FCBEF /* RGBSettings.swift */; };
		95AFF2EC905E8537B449C12A /* KeyboardMonitorEvent.swift in Sources */ = {isa = PBXBuildFile; fileRef = E9F061E4523ED74CCFB91F9B /* KeyboardMonitorEvent.swift */; };
		96F185CC9B61DE09E943E872 /* KeymapLayer.swift in Sources */ = {isa = PBXBuildFile; fileRef = B0C67F14A16EEF85D9575417 /* KeymapLayer.swift */; };
		9DB0118E6D559CBF5E0DFFF0 /* KeymapProtocolTests.swift in Sources */ = {isa = PBXBuildFile; fileRef = 16D9C02416D2201C1C52F3DC /* KeymapProtocolTests.swift */; };
		A11DC6723B969E8D7D1F6820 /* KeymapDefinition.swift in Sources */ = {isa = PBXBuildFile; fileRef = 55E58D948312641152C32289 /* KeymapDefinition.swift */; };
		B0B9414FA9DF5349608BBC14 /* KeymapMetadataReport.swift in Sources */ = {isa = PBXBuildFile; fileRef = D8F4F26D51CF4D75FAD787FD /* KeymapMetadataReport.swift */; };
		C5B0FA2506C4A8EC9CB0E265 /* FirmwareKeymap.swift in Sources */ = {isa = PBXBuildFile; fileRef = 0AD6F3DBD8BF71AB5E053DBB /* FirmwareKeymap.swift */; };
		D90C01812155A5C755F560CC /* KeyStyle.swift in Sources */ = {isa = PBXBuildFile; fileRef = 958459E40F97A70F7E6F6492 /* KeyStyle.swift */; };
		E0DE72A87C5682827DEB2830 /* KeyboardKind.swift in Sources */ = {isa = PBXBuildFile; fileRef = A10ADEE907AFDE77CA53BA97 /* KeyboardKind.swift */; };
		ED73F72757203616AA7C3D6A /* MenuBarView.swift in Sources */ = {isa = PBXBuildFile; fileRef = EF34605EA194EAA9D892FB88 /* MenuBarView.swift */; };
		F29005F03006907B009A4843 /* KeyboardEncoderView.swift in Sources */ = {isa = PBXBuildFile; fileRef = F29005EF3006907B009A4843 /* KeyboardEncoderView.swift */; };
		F29005F2300693A8009A4843 /* EncoderDirection.swift in Sources */ = {isa = PBXBuildFile; fileRef = F29005F1300693A8009A4843 /* EncoderDirection.swift */; };
		F29005F4300693AE009A4843 /* KeymapEncoder.swift in Sources */ = {isa = PBXBuildFile; fileRef = F29005F3300693AE009A4843 /* KeymapEncoder.swift */; };
		F92BEE7F5E3ADCCA19831C4C /* FirmwareKeymapEntry.swift in Sources */ = {isa = PBXBuildFile; fileRef = C4DF7E6030D0EE41803BC018 /* FirmwareKeymapEntry.swift */; };
/* End PBXBuildFile section */

/* Begin PBXContainerItemProxy section */
		AE54717FA3A4F0A169C605F7 /* PBXContainerItemProxy */ = {
			isa = PBXContainerItemProxy;
			containerPortal = A5BEC1CD8EF0A56222386C53 /* Project object */;
			proxyType = 1;
			remoteGlobalIDString = E8BC8F4F595818E424FB0F7C;
			remoteInfo = KeymapCompanion;
		};
/* End PBXContainerItemProxy section */

/* Begin PBXFileReference section */
		01AE3FA80F7457B7186BEC2C /* KeyboardGeometryCatalog.swift */ = {isa = PBXFileReference; lastKnownFileType = sourcecode.swift; path = KeyboardGeometryCatalog.swift; sourceTree = "<group>"; };
		0AD6F3DBD8BF71AB5E053DBB /* FirmwareKeymap.swift */ = {isa = PBXFileReference; lastKnownFileType = sourcecode.swift; path = FirmwareKeymap.swift; sourceTree = "<group>"; };
		16D9C02416D2201C1C52F3DC /* KeymapProtocolTests.swift */ = {isa = PBXFileReference; lastKnownFileType = sourcecode.swift; path = KeymapProtocolTests.swift; sourceTree = "<group>"; };
		3689B2F011CD51FC0E3812C1 /* KeymapProtocol.swift */ = {isa = PBXFileReference; lastKnownFileType = sourcecode.swift; path = KeymapProtocol.swift; sourceTree = "<group>"; };
		3EA268F53DF4B11685E8FDA6 /* KeymapCompanionApp.swift */ = {isa = PBXFileReference; lastKnownFileType = sourcecode.swift; path = KeymapCompanionApp.swift; sourceTree = "<group>"; };
		44B56321EDD42DA585D56D2B /* KeyboardHIDMonitor.swift */ = {isa = PBXFileReference; lastKnownFileType = sourcecode.swift; path = KeyboardHIDMonitor.swift; sourceTree = "<group>"; };
		454C212125BFA8101CD194A7 /* KeymapKey.swift */ = {isa = PBXFileReference; lastKnownFileType = sourcecode.swift; path = KeymapKey.swift; sourceTree = "<group>"; };
		55E58D948312641152C32289 /* KeymapDefinition.swift */ = {isa = PBXFileReference; lastKnownFileType = sourcecode.swift; path = KeymapDefinition.swift; sourceTree = "<group>"; };
		59D13D209D3D8757B9961057 /* RGBEffect.swift */ = {isa = PBXFileReference; lastKnownFileType = sourcecode.swift; path = RGBEffect.swift; sourceTree = "<group>"; };
		5BC3DC22731B86F9C60EB81B /* ContentView.swift */ = {isa = PBXFileReference; lastKnownFileType = sourcecode.swift; path = ContentView.swift; sourceTree = "<group>"; };
		5C2B78C8E45E5F551FAEC3C3 /* IOKit.framework */ = {isa = PBXFileReference; lastKnownFileType = wrapper.framework; name = IOKit.framework; path = System/Library/Frameworks/IOKit.framework; sourceTree = SDKROOT; };
		5C9D02E1FA834839E68F4D21 /* MatrixPosition.swift */ = {isa = PBXFileReference; lastKnownFileType = sourcecode.swift; path = MatrixPosition.swift; sourceTree = "<group>"; };
		5E651E44642ED6E9DF498929 /* KeymapCompanionTests.xctest */ = {isa = PBXFileReference; explicitFileType = wrapper.cfbundle; includeInIndex = 0; path = KeymapCompanionTests.xctest; sourceTree = BUILT_PRODUCTS_DIR; };
		5FAE75ECB9C65ED17F8FCBEF /* RGBSettings.swift */ = {isa = PBXFileReference; lastKnownFileType = sourcecode.swift; path = RGBSettings.swift; sourceTree = "<group>"; };
		670902A1AF4074C283DFE454 /* RGBSettingsPopoverButton.swift */ = {isa = PBXFileReference; lastKnownFileType = sourcecode.swift; path = RGBSettingsPopoverButton.swift; sourceTree = "<group>"; };
		68442F7799E715820606A2E9 /* PhysicalKeyPlacement.swift */ = {isa = PBXFileReference; lastKnownFileType = sourcecode.swift; path = PhysicalKeyPlacement.swift; sourceTree = "<group>"; };
		68A71C66E1A8E21AECB6FD32 /* KeyboardGeometry.swift */ = {isa = PBXFileReference; lastKnownFileType = sourcecode.swift; path = KeyboardGeometry.swift; sourceTree = "<group>"; };
		6AD51209B0F791038DBCF46B /* KeymapCompanion.app */ = {isa = PBXFileReference; explicitFileType = wrapper.application; includeInIndex = 0; path = KeymapCompanion.app; sourceTree = BUILT_PRODUCTS_DIR; };
		73D760FEFF36161898E22C76 /* KeyboardBoardView.swift */ = {isa = PBXFileReference; lastKnownFileType = sourcecode.swift; path = KeyboardBoardView.swift; sourceTree = "<group>"; };
		7EFF93D9F5FE314CD455DA4F /* MenuBarKeyboardIcon.swift */ = {isa = PBXFileReference; lastKnownFileType = sourcecode.swift; path = MenuBarKeyboardIcon.swift; sourceTree = "<group>"; };
		843BE78C3EF4D03FA9E8E56C /* KeyLegend.swift */ = {isa = PBXFileReference; lastKnownFileType = sourcecode.swift; path = KeyLegend.swift; sourceTree = "<group>"; };
		8E63FDC0FCED9B3B52B3C394 /* QMKKeycodeLegend.swift */ = {isa = PBXFileReference; lastKnownFileType = sourcecode.swift; path = QMKKeycodeLegend.swift; sourceTree = "<group>"; };
		958459E40F97A70F7E6F6492 /* KeyStyle.swift */ = {isa = PBXFileReference; lastKnownFileType = sourcecode.swift; path = KeyStyle.swift; sourceTree = "<group>"; };
		A10ADEE907AFDE77CA53BA97 /* KeyboardKind.swift */ = {isa = PBXFileReference; lastKnownFileType = sourcecode.swift; path = KeyboardKind.swift; sourceTree = "<group>"; };
		A7A3C488E002048FE5CC4D6F /* Localizable.xcstrings */ = {isa = PBXFileReference; lastKnownFileType = text.json.xcstrings; path = Localizable.xcstrings; sourceTree = "<group>"; };
		B0C67F14A16EEF85D9575417 /* KeymapLayer.swift */ = {isa = PBXFileReference; lastKnownFileType = sourcecode.swift; path = KeymapLayer.swift; sourceTree = "<group>"; };
		BCA0F9996E9EC9F36E8F62A4 /* AppModel.swift */ = {isa = PBXFileReference; lastKnownFileType = sourcecode.swift; path = AppModel.swift; sourceTree = "<group>"; };
		BE13A2191E27B1FAD2169D94 /* PositionedKey.swift */ = {isa = PBXFileReference; lastKnownFileType = sourcecode.swift; path = PositionedKey.swift; sourceTree = "<group>"; };
		C2859B233D8BBAC29555753D /* KeyboardStateReport.swift */ = {isa = PBXFileReference; lastKnownFileType = sourcecode.swift; path = KeyboardStateReport.swift; sourceTree = "<group>"; };
		C4DF7E6030D0EE41803BC018 /* FirmwareKeymapEntry.swift */ = {isa = PBXFileReference; lastKnownFileType = sourcecode.swift; path = FirmwareKeymapEntry.swift; sourceTree = "<group>"; };
		C5310C44ED6927D9D733726C /* ConnectionStatus.swift */ = {isa = PBXFileReference; lastKnownFileType = sourcecode.swift; path = ConnectionStatus.swift; sourceTree = "<group>"; };
		D8F4F26D51CF4D75FAD787FD /* KeymapMetadataReport.swift */ = {isa = PBXFileReference; lastKnownFileType = sourcecode.swift; path = KeymapMetadataReport.swift; sourceTree = "<group>"; };
		E0CABF5B9049D823CE6F07EE /* KeymapResolutionTests.swift */ = {isa = PBXFileReference; lastKnownFileType = sourcecode.swift; path = KeymapResolutionTests.swift; sourceTree = "<group>"; };
		E9F061E4523ED74CCFB91F9B /* KeyboardMonitorEvent.swift */ = {isa = PBXFileReference; lastKnownFileType = sourcecode.swift; path = KeyboardMonitorEvent.swift; sourceTree = "<group>"; };
		EF0AD231927ECA46483E71D5 /* KeymapChunkReport.swift */ = {isa = PBXFileReference; lastKnownFileType = sourcecode.swift; path = KeymapChunkReport.swift; sourceTree = "<group>"; };
		EF34605EA194EAA9D892FB88 /* MenuBarView.swift */ = {isa = PBXFileReference; lastKnownFileType = sourcecode.swift; path = MenuBarView.swift; sourceTree = "<group>"; };
		F29005EF3006907B009A4843 /* KeyboardEncoderView.swift */ = {isa = PBXFileReference; lastKnownFileType = sourcecode.swift; path = KeyboardEncoderView.swift; sourceTree = "<group>"; };
		F29005F1300693A8009A4843 /* EncoderDirection.swift */ = {isa = PBXFileReference; lastKnownFileType = sourcecode.swift; path = EncoderDirection.swift; sourceTree = "<group>"; };
		F29005F3300693AE009A4843 /* KeymapEncoder.swift */ = {isa = PBXFileReference; lastKnownFileType = sourcecode.swift; path = KeymapEncoder.swift; sourceTree = "<group>"; };
/* End PBXFileReference section */

/* Begin PBXFrameworksBuildPhase section */
		3CA468874E726444C6027BD7 /* Frameworks */ = {
			isa = PBXFrameworksBuildPhase;
			buildActionMask = 2147483647;
			files = (
				5B98481C5B0F9EE671BCF4A5 /* IOKit.framework in Frameworks */,
			);
			runOnlyForDeploymentPostprocessing = 0;
		};
/* End PBXFrameworksBuildPhase section */

/* Begin PBXGroup section */
		057E8BF3BE228D6CC20375D0 /* Products */ = {
			isa = PBXGroup;
			children = (
				6AD51209B0F791038DBCF46B /* KeymapCompanion.app */,
				5E651E44642ED6E9DF498929 /* KeymapCompanionTests.xctest */,
			);
			name = Products;
			sourceTree = "<group>";
		};
		129E4707BD6EF888B7136066 /* Views */ = {
			isa = PBXGroup;
			children = (
				5BC3DC22731B86F9C60EB81B /* ContentView.swift */,
				73D760FEFF36161898E22C76 /* KeyboardBoardView.swift */,
				7EFF93D9F5FE314CD455DA4F /* MenuBarKeyboardIcon.swift */,
				EF34605EA194EAA9D892FB88 /* MenuBarView.swift */,
				670902A1AF4074C283DFE454 /* RGBSettingsPopoverButton.swift */,
				F29005EF3006907B009A4843 /* KeyboardEncoderView.swift */,
			);
			path = Views;
			sourceTree = "<group>";
		};
		1B2832DC8C104EB7EBB8315A /* KeymapCompanionTests */ = {
			isa = PBXGroup;
			children = (
				16D9C02416D2201C1C52F3DC /* KeymapProtocolTests.swift */,
				E0CABF5B9049D823CE6F07EE /* KeymapResolutionTests.swift */,
			);
			path = KeymapCompanionTests;
			sourceTree = "<group>";
		};
		27CEF58FD4364CEB04C7BC80 /* KeymapCompanion */ = {
			isa = PBXGroup;
			children = (
				8C03B07C0954B1343DAE6412 /* App */,
				9E1DC0E2684DC9AD7DA593AA /* HID */,
				8AFB3582E3480F004C7EF3CA /* Models */,
				DBA5404D733BF49D808FA99A /* Resources */,
				129E4707BD6EF888B7136066 /* Views */,
			);
			path = KeymapCompanion;
			sourceTree = "<group>";
		};
		8AFB3582E3480F004C7EF3CA /* Models */ = {
			isa = PBXGroup;
			children = (
				68A71C66E1A8E21AECB6FD32 /* KeyboardGeometry.swift */,
				01AE3FA80F7457B7186BEC2C /* KeyboardGeometryCatalog.swift */,
				A10ADEE907AFDE77CA53BA97 /* KeyboardKind.swift */,
				843BE78C3EF4D03FA9E8E56C /* KeyLegend.swift */,
				55E58D948312641152C32289 /* KeymapDefinition.swift */,
				454C212125BFA8101CD194A7 /* KeymapKey.swift */,
				B0C67F14A16EEF85D9575417 /* KeymapLayer.swift */,
				958459E40F97A70F7E6F6492 /* KeyStyle.swift */,
				5C9D02E1FA834839E68F4D21 /* MatrixPosition.swift */,
				68442F7799E715820606A2E9 /* PhysicalKeyPlacement.swift */,
				BE13A2191E27B1FAD2169D94 /* PositionedKey.swift */,
				8E63FDC0FCED9B3B52B3C394 /* QMKKeycodeLegend.swift */,
				59D13D209D3D8757B9961057 /* RGBEffect.swift */,
				5FAE75ECB9C65ED17F8FCBEF /* RGBSettings.swift */,
				F29005F1300693A8009A4843 /* EncoderDirection.swift */,
				F29005F3300693AE009A4843 /* KeymapEncoder.swift */,
			);
			path = Models;
			sourceTree = "<group>";
		};
		8C03B07C0954B1343DAE6412 /* App */ = {
			isa = PBXGroup;
			children = (
				BCA0F9996E9EC9F36E8F62A4 /* AppModel.swift */,
				C5310C44ED6927D9D733726C /* ConnectionStatus.swift */,
				3EA268F53DF4B11685E8FDA6 /* KeymapCompanionApp.swift */,
			);
			path = App;
			sourceTree = "<group>";
		};
		9E1DC0E2684DC9AD7DA593AA /* HID */ = {
			isa = PBXGroup;
			children = (
				0AD6F3DBD8BF71AB5E053DBB /* FirmwareKeymap.swift */,
				C4DF7E6030D0EE41803BC018 /* FirmwareKeymapEntry.swift */,
				44B56321EDD42DA585D56D2B /* KeyboardHIDMonitor.swift */,
				E9F061E4523ED74CCFB91F9B /* KeyboardMonitorEvent.swift */,
				C2859B233D8BBAC29555753D /* KeyboardStateReport.swift */,
				EF0AD231927ECA46483E71D5 /* KeymapChunkReport.swift */,
				D8F4F26D51CF4D75FAD787FD /* KeymapMetadataReport.swift */,
				3689B2F011CD51FC0E3812C1 /* KeymapProtocol.swift */,
			);
			path = HID;
			sourceTree = "<group>";
		};
		B06CBBA73A72650E1E05FE25 = {
			isa = PBXGroup;
			children = (
				27CEF58FD4364CEB04C7BC80 /* KeymapCompanion */,
				1B2832DC8C104EB7EBB8315A /* KeymapCompanionTests */,
				FDC2D1EB3CF9A0A71F0D1238 /* Frameworks */,
				057E8BF3BE228D6CC20375D0 /* Products */,
			);
			sourceTree = "<group>";
		};
		DBA5404D733BF49D808FA99A /* Resources */ = {
			isa = PBXGroup;
			children = (
				A7A3C488E002048FE5CC4D6F /* Localizable.xcstrings */,
			);
			path = Resources;
			sourceTree = "<group>";
		};
		FDC2D1EB3CF9A0A71F0D1238 /* Frameworks */ = {
			isa = PBXGroup;
			children = (
				5C2B78C8E45E5F551FAEC3C3 /* IOKit.framework */,
			);
			name = Frameworks;
			sourceTree = "<group>";
		};
/* End PBXGroup section */

/* Begin PBXNativeTarget section */
		9C79B3EE58FEE31464C0F038 /* KeymapCompanionTests */ = {
			isa = PBXNativeTarget;
			buildConfigurationList = 9EC9BE4D0D47BBB325AFF23A /* Build configuration list for PBXNativeTarget "KeymapCompanionTests" */;
			buildPhases = (
				762D4BCB76EDE823B1DC065C /* Sources */,
			);
			buildRules = (
			);
			dependencies = (
				DE0C76C936E91F39B49F516E /* PBXTargetDependency */,
			);
			name = KeymapCompanionTests;
			packageProductDependencies = (
			);
			productName = KeymapCompanionTests;
			productReference = 5E651E44642ED6E9DF498929 /* KeymapCompanionTests.xctest */;
			productType = "com.apple.product-type.bundle.unit-test";
		};
		E8BC8F4F595818E424FB0F7C /* KeymapCompanion */ = {
			isa = PBXNativeTarget;
			buildConfigurationList = 843878A169C8156ABAC73A67 /* Build configuration list for PBXNativeTarget "KeymapCompanion" */;
			buildPhases = (
				4CCB880F46B1737DF2619F35 /* Sources */,
				ECF2D459C7D3DA38ED3A524B /* Resources */,
				3CA468874E726444C6027BD7 /* Frameworks */,
			);
			buildRules = (
			);
			dependencies = (
			);
			name = KeymapCompanion;
			packageProductDependencies = (
			);
			productName = KeymapCompanion;
			productReference = 6AD51209B0F791038DBCF46B /* KeymapCompanion.app */;
			productType = "com.apple.product-type.application";
		};
/* End PBXNativeTarget section */

/* Begin PBXProject section */
		A5BEC1CD8EF0A56222386C53 /* Project object */ = {
			isa = PBXProject;
			attributes = {
				BuildIndependentTargetsInParallel = YES;
				LastUpgradeCheck = 1430;
			};
			buildConfigurationList = FF6E8292798F50CC84BFB44E /* Build configuration list for PBXProject "KeymapCompanion" */;
			developmentRegion = en;
			hasScannedForEncodings = 0;
			knownRegions = (
				Base,
				en,
			);
			mainGroup = B06CBBA73A72650E1E05FE25;
			minimizedProjectReferenceProxies = 1;
			preferredProjectObjectVersion = 77;
			productRefGroup = 057E8BF3BE228D6CC20375D0 /* Products */;
			projectDirPath = "";
			projectRoot = "";
			targets = (
				E8BC8F4F595818E424FB0F7C /* KeymapCompanion */,
				9C79B3EE58FEE31464C0F038 /* KeymapCompanionTests */,
			);
		};
/* End PBXProject section */

/* Begin PBXResourcesBuildPhase section */
		ECF2D459C7D3DA38ED3A524B /* Resources */ = {
			isa = PBXResourcesBuildPhase;
			buildActionMask = 2147483647;
			files = (
				4EE999A7483BE6360452FD97 /* Localizable.xcstrings in Resources */,
			);
			runOnlyForDeploymentPostprocessing = 0;
		};
/* End PBXResourcesBuildPhase section */

/* Begin PBXSourcesBuildPhase section */
		4CCB880F46B1737DF2619F35 /* Sources */ = {
			isa = PBXSourcesBuildPhase;
			buildActionMask = 2147483647;
			files = (
				5A2827B5EC1779B975D4FCB7 /* AppModel.swift in Sources */,
				6B5853CAFDC1C1F553332DFC /* ConnectionStatus.swift in Sources */,
				30D05FEABA0F68EBB3993F0C /* ContentView.swift in Sources */,
				C5B0FA2506C4A8EC9CB0E265 /* FirmwareKeymap.swift in Sources */,
				F92BEE7F5E3ADCCA19831C4C /* FirmwareKeymapEntry.swift in Sources */,
				5143ADBF5C617D030B1CEAD9 /* KeyLegend.swift in Sources */,
				D90C01812155A5C755F560CC /* KeyStyle.swift in Sources */,
				8EECFC85F71EC0F6EC8FF2C0 /* KeyboardBoardView.swift in Sources */,
				F29005F4300693AE009A4843 /* KeymapEncoder.swift in Sources */,
				642F91FD50C785027F37EFAF /* KeyboardGeometry.swift in Sources */,
				290CEA2DDCB4EE2CE005251A /* KeyboardGeometryCatalog.swift in Sources */,
				684A404F7CD514FD9B7C5009 /* KeyboardHIDMonitor.swift in Sources */,
				E0DE72A87C5682827DEB2830 /* KeyboardKind.swift in Sources */,
				95AFF2EC905E8537B449C12A /* KeyboardMonitorEvent.swift in Sources */,
				7A9598E5FF030C8587EC7FB0 /* KeyboardStateReport.swift in Sources */,
				598AEF9F8F6E54618C05745C /* KeymapChunkReport.swift in Sources */,
				017C93553B1579ADC57C9C89 /* KeymapCompanionApp.swift in Sources */,
				A11DC6723B969E8D7D1F6820 /* KeymapDefinition.swift in Sources */,
				58938B5A10AF65BF45ADC644 /* KeymapKey.swift in Sources */,
				F29005F2300693A8009A4843 /* EncoderDirection.swift in Sources */,
				96F185CC9B61DE09E943E872 /* KeymapLayer.swift in Sources */,
				B0B9414FA9DF5349608BBC14 /* KeymapMetadataReport.swift in Sources */,
				25245A7456597E1D8BB03127 /* KeymapProtocol.swift in Sources */,
				0C07DE527CA55670C7CF49DA /* MatrixPosition.swift in Sources */,
				447DD1132A2D76D09D4D770D /* MenuBarKeyboardIcon.swift in Sources */,
				ED73F72757203616AA7C3D6A /* MenuBarView.swift in Sources */,
				74DF517B849F82E99D96E186 /* PhysicalKeyPlacement.swift in Sources */,
				1AEE007C573628DA987A923E /* PositionedKey.swift in Sources */,
				830AFE3A4B7C4C3DE49C3992 /* QMKKeycodeLegend.swift in Sources */,
				F29005F03006907B009A4843 /* KeyboardEncoderView.swift in Sources */,
				682D48C51F8ECC1B8092299C /* RGBEffect.swift in Sources */,
				8F7D4AF505C96007AA116A34 /* RGBSettings.swift in Sources */,
				7D9B3B6B276E07ABCA2BC2E8 /* RGBSettingsPopoverButton.swift in Sources */,
			);
			runOnlyForDeploymentPostprocessing = 0;
		};
		762D4BCB76EDE823B1DC065C /* Sources */ = {
			isa = PBXSourcesBuildPhase;
			buildActionMask = 2147483647;
			files = (
				9DB0118E6D559CBF5E0DFFF0 /* KeymapProtocolTests.swift in Sources */,
				2965062F030C6F234C20C1C1 /* KeymapResolutionTests.swift in Sources */,
			);
			runOnlyForDeploymentPostprocessing = 0;
		};
/* End PBXSourcesBuildPhase section */

/* Begin PBXTargetDependency section */
		DE0C76C936E91F39B49F516E /* PBXTargetDependency */ = {
			isa = PBXTargetDependency;
			target = E8BC8F4F595818E424FB0F7C /* KeymapCompanion */;
			targetProxy = AE54717FA3A4F0A169C605F7 /* PBXContainerItemProxy */;
		};
/* End PBXTargetDependency section */

/* Begin XCBuildConfiguration section */
		02E162F5B3DA959A97B95C02 /* Debug */ = {
			isa = XCBuildConfiguration;
			buildSettings = {
				ALWAYS_SEARCH_USER_PATHS = NO;
				CLANG_ANALYZER_NONNULL = YES;
				CLANG_ANALYZER_NUMBER_OBJECT_CONVERSION = YES_AGGRESSIVE;
				CLANG_CXX_LANGUAGE_STANDARD = "gnu++14";
				CLANG_CXX_LIBRARY = "libc++";
				CLANG_ENABLE_MODULES = YES;
				CLANG_ENABLE_OBJC_ARC = YES;
				CLANG_ENABLE_OBJC_WEAK = YES;
				CLANG_WARN_BLOCK_CAPTURE_AUTORELEASING = YES;
				CLANG_WARN_BOOL_CONVERSION = YES;
				CLANG_WARN_COMMA = YES;
				CLANG_WARN_CONSTANT_CONVERSION = YES;
				CLANG_WARN_DEPRECATED_OBJC_IMPLEMENTATIONS = YES;
				CLANG_WARN_DIRECT_OBJC_ISA_USAGE = YES_ERROR;
				CLANG_WARN_DOCUMENTATION_COMMENTS = YES;
				CLANG_WARN_EMPTY_BODY = YES;
				CLANG_WARN_ENUM_CONVERSION = YES;
				CLANG_WARN_INFINITE_RECURSION = YES;
				CLANG_WARN_INT_CONVERSION = YES;
				CLANG_WARN_NON_LITERAL_NULL_CONVERSION = YES;
				CLANG_WARN_OBJC_IMPLICIT_RETAIN_SELF = YES;
				CLANG_WARN_OBJC_LITERAL_CONVERSION = YES;
				CLANG_WARN_OBJC_ROOT_CLASS = YES_ERROR;
				CLANG_WARN_QUOTED_INCLUDE_IN_FRAMEWORK_HEADER = YES;
				CLANG_WARN_RANGE_LOOP_ANALYSIS = YES;
				CLANG_WARN_STRICT_PROTOTYPES = YES;
				CLANG_WARN_SUSPICIOUS_MOVE = YES;
				CLANG_WARN_UNGUARDED_AVAILABILITY = YES_AGGRESSIVE;
				CLANG_WARN_UNREACHABLE_CODE = YES;
				CLANG_WARN__DUPLICATE_METHOD_MATCH = YES;
				COPY_PHASE_STRIP = NO;
				DEBUG_INFORMATION_FORMAT = dwarf;
				ENABLE_HARDENED_RUNTIME = YES;
				ENABLE_STRICT_OBJC_MSGSEND = YES;
				ENABLE_TESTABILITY = YES;
				GCC_C_LANGUAGE_STANDARD = gnu11;
				GCC_DYNAMIC_NO_PIC = NO;
				GCC_NO_COMMON_BLOCKS = YES;
				GCC_OPTIMIZATION_LEVEL = 0;
				GCC_PREPROCESSOR_DEFINITIONS = (
					"$(inherited)",
					"DEBUG=1",
				);
				GCC_TREAT_WARNINGS_AS_ERRORS = YES;
				GCC_WARN_64_TO_32_BIT_CONVERSION = YES;
				GCC_WARN_ABOUT_RETURN_TYPE = YES_ERROR;
				GCC_WARN_UNDECLARED_SELECTOR = YES;
				GCC_WARN_UNINITIALIZED_AUTOS = YES_AGGRESSIVE;
				GCC_WARN_UNUSED_FUNCTION = YES;
				GCC_WARN_UNUSED_VARIABLE = YES;
				LOCALIZATION_PREFERS_STRING_CATALOGS = YES;
				MACOSX_DEPLOYMENT_TARGET = 27.0;
				MTL_ENABLE_DEBUG_INFO = INCLUDE_SOURCE;
				MTL_FAST_MATH = YES;
				ONLY_ACTIVE_ARCH = YES;
				PRODUCT_NAME = "$(TARGET_NAME)";
				SDKROOT = macosx;
				SWIFT_ACTIVE_COMPILATION_CONDITIONS = DEBUG;
				SWIFT_APPROACHABLE_CONCURRENCY = YES;
				SWIFT_DEFAULT_ACTOR_ISOLATION = MainActor;
				SWIFT_OPTIMIZATION_LEVEL = "-Onone";
				SWIFT_STRICT_CONCURRENCY = complete;
				SWIFT_TREAT_WARNINGS_AS_ERRORS = YES;
				SWIFT_VERSION = 6.0;
			};
			name = Debug;
		};
		1C27D4409688311554CC382C /* Debug */ = {
			isa = XCBuildConfiguration;
			buildSettings = {
				BUNDLE_LOADER = "$(TEST_HOST)";
				COMBINE_HIDPI_IMAGES = YES;
				GENERATE_INFOPLIST_FILE = YES;
				LD_RUNPATH_SEARCH_PATHS = (
					"$(inherited)",
					"@executable_path/../Frameworks",
					"@loader_path/../Frameworks",
				);
				PRODUCT_BUNDLE_IDENTIFIER = com.obbut.KeymapCompanionTests;
				SDKROOT = macosx;
				TEST_HOST = "$(BUILT_PRODUCTS_DIR)/KeymapCompanion.app/Contents/MacOS/KeymapCompanion";
			};
			name = Debug;
		};
		3C439F05085830A5929F839E /* Debug */ = {
			isa = XCBuildConfiguration;
			buildSettings = {
				ASSETCATALOG_COMPILER_APPICON_NAME = AppIcon;
				COMBINE_HIDPI_IMAGES = YES;
				CURRENT_PROJECT_VERSION = 1;
				ENABLE_APP_SANDBOX = NO;
				GENERATE_INFOPLIST_FILE = YES;
				INFOPLIST_KEY_CFBundleDisplayName = "Keymap Companion";
				INFOPLIST_KEY_LSApplicationCategoryType = "public.app-category.utilities";
				INFOPLIST_KEY_LSUIElement = YES;
				LD_RUNPATH_SEARCH_PATHS = (
					"$(inherited)",
					"@executable_path/../Frameworks",
				);
				MARKETING_VERSION = 1.0;
				PRODUCT_BUNDLE_IDENTIFIER = com.obbut.KeymapCompanion;
				PRODUCT_MODULE_NAME = KeymapCompanion;
				PRODUCT_NAME = KeymapCompanion;
				SDKROOT = macosx;
			};
			name = Debug;
		};
		45560B4B8A30B30F817354F7 /* Release */ = {
			isa = XCBuildConfiguration;
			buildSettings = {
				ALWAYS_SEARCH_USER_PATHS = NO;
				CLANG_ANALYZER_NONNULL = YES;
				CLANG_ANALYZER_NUMBER_OBJECT_CONVERSION = YES_AGGRESSIVE;
				CLANG_CXX_LANGUAGE_STANDARD = "gnu++14";
				CLANG_CXX_LIBRARY = "libc++";
				CLANG_ENABLE_MODULES = YES;
				CLANG_ENABLE_OBJC_ARC = YES;
				CLANG_ENABLE_OBJC_WEAK = YES;
				CLANG_WARN_BLOCK_CAPTURE_AUTORELEASING = YES;
				CLANG_WARN_BOOL_CONVERSION = YES;
				CLANG_WARN_COMMA = YES;
				CLANG_WARN_CONSTANT_CONVERSION = YES;
				CLANG_WARN_DEPRECATED_OBJC_IMPLEMENTATIONS = YES;
				CLANG_WARN_DIRECT_OBJC_ISA_USAGE = YES_ERROR;
				CLANG_WARN_DOCUMENTATION_COMMENTS = YES;
				CLANG_WARN_EMPTY_BODY = YES;
				CLANG_WARN_ENUM_CONVERSION = YES;
				CLANG_WARN_INFINITE_RECURSION = YES;
				CLANG_WARN_INT_CONVERSION = YES;
				CLANG_WARN_NON_LITERAL_NULL_CONVERSION = YES;
				CLANG_WARN_OBJC_IMPLICIT_RETAIN_SELF = YES;
				CLANG_WARN_OBJC_LITERAL_CONVERSION = YES;
				CLANG_WARN_OBJC_ROOT_CLASS = YES_ERROR;
				CLANG_WARN_QUOTED_INCLUDE_IN_FRAMEWORK_HEADER = YES;
				CLANG_WARN_RANGE_LOOP_ANALYSIS = YES;
				CLANG_WARN_STRICT_PROTOTYPES = YES;
				CLANG_WARN_SUSPICIOUS_MOVE = YES;
				CLANG_WARN_UNGUARDED_AVAILABILITY = YES_AGGRESSIVE;
				CLANG_WARN_UNREACHABLE_CODE = YES;
				CLANG_WARN__DUPLICATE_METHOD_MATCH = YES;
				COPY_PHASE_STRIP = NO;
				DEBUG_INFORMATION_FORMAT = "dwarf-with-dsym";
				ENABLE_HARDENED_RUNTIME = YES;
				ENABLE_NS_ASSERTIONS = NO;
				ENABLE_STRICT_OBJC_MSGSEND = YES;
				GCC_C_LANGUAGE_STANDARD = gnu11;
				GCC_NO_COMMON_BLOCKS = YES;
				GCC_TREAT_WARNINGS_AS_ERRORS = YES;
				GCC_WARN_64_TO_32_BIT_CONVERSION = YES;
				GCC_WARN_ABOUT_RETURN_TYPE = YES_ERROR;
				GCC_WARN_UNDECLARED_SELECTOR = YES;
				GCC_WARN_UNINITIALIZED_AUTOS = YES_AGGRESSIVE;
				GCC_WARN_UNUSED_FUNCTION = YES;
				GCC_WARN_UNUSED_VARIABLE = YES;
				LOCALIZATION_PREFERS_STRING_CATALOGS = YES;
				MACOSX_DEPLOYMENT_TARGET = 27.0;
				MTL_ENABLE_DEBUG_INFO = NO;
				MTL_FAST_MATH = YES;
				PRODUCT_NAME = "$(TARGET_NAME)";
				SDKROOT = macosx;
				SWIFT_APPROACHABLE_CONCURRENCY = YES;
				SWIFT_COMPILATION_MODE = wholemodule;
				SWIFT_DEFAULT_ACTOR_ISOLATION = MainActor;
				SWIFT_OPTIMIZATION_LEVEL = "-O";
				SWIFT_STRICT_CONCURRENCY = complete;
				SWIFT_TREAT_WARNINGS_AS_ERRORS = YES;
				SWIFT_VERSION = 6.0;
			};
			name = Release;
		};
		4C70465A8B4F93A697E95473 /* Release */ = {
			isa = XCBuildConfiguration;
			buildSettings = {
				ASSETCATALOG_COMPILER_APPICON_NAME = AppIcon;
				COMBINE_HIDPI_IMAGES = YES;
				CURRENT_PROJECT_VERSION = 1;
				ENABLE_APP_SANDBOX = NO;
				GENERATE_INFOPLIST_FILE = YES;
				INFOPLIST_KEY_CFBundleDisplayName = "Keymap Companion";
				INFOPLIST_KEY_LSApplicationCategoryType = "public.app-category.utilities";
				INFOPLIST_KEY_LSUIElement = YES;
				LD_RUNPATH_SEARCH_PATHS = (
					"$(inherited)",
					"@executable_path/../Frameworks",
				);
				MARKETING_VERSION = 1.0;
				PRODUCT_BUNDLE_IDENTIFIER = com.obbut.KeymapCompanion;
				PRODUCT_MODULE_NAME = KeymapCompanion;
				PRODUCT_NAME = KeymapCompanion;
				SDKROOT = macosx;
			};
			name = Release;
		};
		6EE466784B7E7DE628B961BB /* Release */ = {
			isa = XCBuildConfiguration;
			buildSettings = {
				BUNDLE_LOADER = "$(TEST_HOST)";
				COMBINE_HIDPI_IMAGES = YES;
				GENERATE_INFOPLIST_FILE = YES;
				LD_RUNPATH_SEARCH_PATHS = (
					"$(inherited)",
					"@executable_path/../Frameworks",
					"@loader_path/../Frameworks",
				);
				PRODUCT_BUNDLE_IDENTIFIER = com.obbut.KeymapCompanionTests;
				SDKROOT = macosx;
				TEST_HOST = "$(BUILT_PRODUCTS_DIR)/KeymapCompanion.app/Contents/MacOS/KeymapCompanion";
			};
			name = Release;
		};
/* End XCBuildConfiguration section */

/* Begin XCConfigurationList section */
		843878A169C8156ABAC73A67 /* Build configuration list for PBXNativeTarget "KeymapCompanion" */ = {
			isa = XCConfigurationList;
			buildConfigurations = (
				3C439F05085830A5929F839E /* Debug */,
				4C70465A8B4F93A697E95473 /* Release */,
			);
			defaultConfigurationIsVisible = 0;
			defaultConfigurationName = Debug;
		};
		9EC9BE4D0D47BBB325AFF23A /* Build configuration list for PBXNativeTarget "KeymapCompanionTests" */ = {
			isa = XCConfigurationList;
			buildConfigurations = (
				1C27D4409688311554CC382C /* Debug */,
				6EE466784B7E7DE628B961BB /* Release */,
			);
			defaultConfigurationIsVisible = 0;
			defaultConfigurationName = Debug;
		};
		FF6E8292798F50CC84BFB44E /* Build configuration list for PBXProject "KeymapCompanion" */ = {
			isa = XCConfigurationList;
			buildConfigurations = (
				02E162F5B3DA959A97B95C02 /* Debug */,
				45560B4B8A30B30F817354F7 /* Release */,
			);
			defaultConfigurationIsVisible = 0;
			defaultConfigurationName = Debug;
		};
/* End XCConfigurationList section */
	};
	rootObject = A5BEC1CD8EF0A56222386C53 /* Project object */;
}
